
Microsoft Visual Studio Solution File, Format Version 12.00
# Visual Studio Version 17
VisualStudioVersion = 17.12.35521.163
MinimumVisualStudioVersion = 10.0.40219.1
Project("{FAE04EC0-301F-11D3-BF4B-00C04F79EFBC}") = "AlumniaNotes", "AlumniaNotes\AlumniaNotes.csproj", "{A50797A7-507D-42CC-81D0-BF47F090DFA6}"
EndProject
Project("{2150E333-8FDC-42A3-9474-1A3956D46DE8}") = "models", "models", "{80D7DAA5-131A-470B-9C8C-FE15AA0C9C64}"
EndProject
Project("{2150E333-8FDC-42A3-9474-1A3956D46DE8}") = "repositorio", "repositorio", "{010DC9FD-5E15-4C68-8456-6A382B1D43BB}"
EndProject
Project("{2150E333-8FDC-42A3-9474-1A3956D46DE8}") = "singleton", "singleton", "{D7DC3C9F-E25F-4BFB-85CF-545BE8058E16}"
EndProject
Project("{2150E333-8FDC-42A3-9474-1A3956D46DE8}") = "viewModels", "viewModels", "{7D29698E-D209-40E3-8542-53ADCD77D776}"
EndProject
Project("{2150E333-8FDC-42A3-9474-1A3956D46DE8}") = "vistas", "vistas", "{50CF12C3-1BD0-484D-BB29-2FD46AE23550}"
EndProject
Project("{2150E333-8FDC-42A3-9474-1A3956D46DE8}") = "Elementos de la solución", "Elementos de la solución", "{ADD8C306-1D04-4895-A326-78FD57F8F575}"
EndProject
Global
	GlobalSection(SolutionConfigurationPlatforms) = preSolution
		Debug|Any CPU = Debug|Any CPU
		Release|Any CPU = Release|Any CPU
	EndGlobalSection
	GlobalSection(ProjectConfigurationPlatforms) = postSolution
		{A50797A7-507D-42CC-81D0-BF47F090DFA6}.Debug|Any CPU.ActiveCfg = Debug|Any CPU
		{A50797A7-507D-42CC-81D0-BF47F090DFA6}.Debug|Any CPU.Build.0 = Debug|Any CPU
		{A50797A7-507D-42CC-81D0-BF47F090DFA6}.Release|Any CPU.ActiveCfg = Release|Any CPU
		{A50797A7-507D-42CC-81D0-BF47F090DFA6}.Release|Any CPU.Build.0 = Release|Any CPU
	EndGlobalSection
	GlobalSection(SolutionProperties) = preSolution
		HideSolutionNode = FALSE
	EndGlobalSection
EndGlobal
